
Microsoft Visual Studio Solution File, Format Version 12.00
# Visual Studio Version 17
VisualStudioVersion = 17.10.35013.160
MinimumVisualStudioVersion = 10.0.40219.1
Project("{FAE04EC0-301F-11D3-BF4B-00C04F79EFBC}") = "Cidi", "Cidi.csproj", "{9FDA2A96-6D45-44FA-9CA8-BF60E2747C59}"
EndProject
Global
	GlobalSection(SolutionConfigurationPlatforms) = preSolution
		Debug|Any CPU = Debug|Any CPU
		Release|Any CPU = Release|Any CPU
	EndGlobalSection
	GlobalSection(ProjectConfigurationPlatforms) = postSolution
		{9FDA2A96-6D45-44FA-9CA8-BF60E2747C59}.Debug|Any CPU.ActiveCfg = Debug|Any CPU
		{9FDA2A96-6D45-44FA-9CA8-BF60E2747C59}.Debug|Any CPU.Build.0 = Debug|Any CPU
		{9FDA2A96-6D45-44FA-9CA8-BF60E2747C59}.Release|Any CPU.ActiveCfg = Release|Any CPU
		{9FDA2A96-6D45-44FA-9CA8-BF60E2747C59}.Release|Any CPU.Build.0 = Release|Any CPU
	EndGlobalSection
	GlobalSection(SolutionProperties) = preSolution
		HideSolutionNode = FALSE
	EndGlobalSection
	GlobalSection(ExtensibilityGlobals) = postSolution
		SolutionGuid = {68FC6A16-D22E-4991-9777-CE62A9A576C5}
	EndGlobalSection
EndGlobal
